
Microsoft Visual Studio Solution File, Format Version 12.00
# Visual Studio Version 17
VisualStudioVersion = 17.14.36414.22
MinimumVisualStudioVersion = 10.0.40219.1
Project("{FAE04EC0-301F-11D3-BF4B-00C04F79EFBC}") = "Trading company", "Trading company.csproj", "{14E959CF-19F1-443D-AEAE-D8FD45B8E410}"
EndProject
Project("{FAE04EC0-301F-11D3-BF4B-00C04F79EFBC}") = "TradingCompany.DAL", "..\TradingCompany.DAL\TradingCompany.DAL.csproj", "{1B2EC9FF-6E96-419B-ADAC-582A0190F4FC}"
EndProject
Project("{FAE04EC0-301F-11D3-BF4B-00C04F79EFBC}") = "TradingCompany.DAL.EF", "..\TradingCompany.DAL.EF\TradingCompany.DAL.EF.csproj", "{5D313C4D-A1EE-484A-975D-1FF84437E76D}"
EndProject
Project("{FAE04EC0-301F-11D3-BF4B-00C04F79EFBC}") = "TradingCompany.DTO", "..\TradingCompany.DTO\TradingCompany.DTO.csproj", "{0CB646CE-7EF0-4F46-893C-5AFF1FECB84E}"
EndProject
Project("{FAE04EC0-301F-11D3-BF4B-00C04F79EFBC}") = "TradingCompany.Tests", "..\TradingCompany.Tests\TradingCompany.Tests.csproj", "{4EEC6C2B-C5BE-45DF-9C45-63FEA7DDFD4B}"
EndProject
Project("{FAE04EC0-301F-11D3-BF4B-00C04F79EFBC}") = "Trading company.WPF", "..\Trading company.WPF\Trading company.WPF.csproj", "{706A1D03-5640-4A55-BB07-6548239B6C76}"
EndProject
Project("{FAE04EC0-301F-11D3-BF4B-00C04F79EFBC}") = "Trading company.BL", "..\Trading company.BL\Trading company.BL.csproj", "{917289EA-2B11-4762-9953-169833064743}"
EndProject
Project("{FAE04EC0-301F-11D3-BF4B-00C04F79EFBC}") = "Trading company.WPF_2", "..\Trading company.WPF_2\Trading company.WPF_2.csproj", "{92736DC0-E7B9-48C7-AFF1-4894C3965CFE}"
EndProject
Project("{FAE04EC0-301F-11D3-BF4B-00C04F79EFBC}") = "TradingCompany.TestsMoq", "..\TradingCompany.TestsMoq\TradingCompany.TestsMoq.csproj", "{56C871FE-8F1F-4074-B8D7-0C04864CBBAA}"
EndProject
Project("{FAE04EC0-301F-11D3-BF4B-00C04F79EFBC}") = "TradingCompany.WebApp", "..\TradingCompany.WebApp\TradingCompany.WebApp.csproj", "{BCD4D7D9-B815-4CC6-9F3C-F7B202362EB2}"
EndProject
Global
	GlobalSection(SolutionConfigurationPlatforms) = preSolution
		Debug|Any CPU = Debug|Any CPU
		Release|Any CPU = Release|Any CPU
	EndGlobalSection
	GlobalSection(ProjectConfigurationPlatforms) = postSolution
		{14E959CF-19F1-443D-AEAE-D8FD45B8E410}.Debug|Any CPU.ActiveCfg = Debug|Any CPU
		{14E959CF-19F1-443D-AEAE-D8FD45B8E410}.Debug|Any CPU.Build.0 = Debug|Any CPU
		{14E959CF-19F1-443D-AEAE-D8FD45B8E410}.Release|Any CPU.ActiveCfg = Release|Any CPU
		{14E959CF-19F1-443D-AEAE-D8FD45B8E410}.Release|Any CPU.Build.0 = Release|Any CPU
		{1B2EC9FF-6E96-419B-ADAC-582A0190F4FC}.Debug|Any CPU.ActiveCfg = Debug|Any CPU
		{1B2EC9FF-6E96-419B-ADAC-582A0190F4FC}.Debug|Any CPU.Build.0 = Debug|Any CPU
		{1B2EC9FF-6E96-419B-ADAC-582A0190F4FC}.Release|Any CPU.ActiveCfg = Release|Any CPU
		{1B2EC9FF-6E96-419B-ADAC-582A0190F4FC}.Release|Any CPU.Build.0 = Release|Any CPU
		{5D313C4D-A1EE-484A-975D-1FF84437E76D}.Debug|Any CPU.ActiveCfg = Debug|Any CPU
		{5D313C4D-A1EE-484A-975D-1FF84437E76D}.Debug|Any CPU.Build.0 = Debug|Any CPU
		{5D313C4D-A1EE-484A-975D-1FF84437E76D}.Release|Any CPU.ActiveCfg = Release|Any CPU
		{5D313C4D-A1EE-484A-975D-1FF84437E76D}.Release|Any CPU.Build.0 = Release|Any CPU
		{0CB646CE-7EF0-4F46-893C-5AFF1FECB84E}.Debug|Any CPU.ActiveCfg = Debug|Any CPU
		{0CB646CE-7EF0-4F46-893C-5AFF1FECB84E}.Debug|Any CPU.Build.0 = Debug|Any CPU
		{0CB646CE-7EF0-4F46-893C-5AFF1FECB84E}.Release|Any CPU.ActiveCfg = Release|Any CPU
		{0CB646CE-7EF0-4F46-893C-5AFF1FECB84E}.Release|Any CPU.Build.0 = Release|Any CPU
		{4EEC6C2B-C5BE-45DF-9C45-63FEA7DDFD4B}.Debug|Any CPU.ActiveCfg = Debug|Any CPU
		{4EEC6C2B-C5BE-45DF-9C45-63FEA7DDFD4B}.Debug|Any CPU.Build.0 = Debug|Any CPU
		{4EEC6C2B-C5BE-45DF-9C45-63FEA7DDFD4B}.Release|Any CPU.ActiveCfg = Release|Any CPU
		{4EEC6C2B-C5BE-45DF-9C45-63FEA7DDFD4B}.Release|Any CPU.Build.0 = Release|Any CPU
		{706A1D03-5640-4A55-BB07-6548239B6C76}.Debug|Any CPU.ActiveCfg = Debug|Any CPU
		{706A1D03-5640-4A55-BB07-6548239B6C76}.Debug|Any CPU.Build.0 = Debug|Any CPU
		{706A1D03-5640-4A55-BB07-6548239B6C76}.Release|Any CPU.ActiveCfg = Release|Any CPU
		{706A1D03-5640-4A55-BB07-6548239B6C76}.Release|Any CPU.Build.0 = Release|Any CPU
		{917289EA-2B11-4762-9953-169833064743}.Debug|Any CPU.ActiveCfg = Debug|Any CPU
		{917289EA-2B11-4762-9953-169833064743}.Debug|Any CPU.Build.0 = Debug|Any CPU
		{917289EA-2B11-4762-9953-169833064743}.Release|Any CPU.ActiveCfg = Release|Any CPU
		{917289EA-2B11-4762-9953-169833064743}.Release|Any CPU.Build.0 = Release|Any CPU
		{92736DC0-E7B9-48C7-AFF1-4894C3965CFE}.Debug|Any CPU.ActiveCfg = Debug|Any CPU
		{92736DC0-E7B9-48C7-AFF1-4894C3965CFE}.Debug|Any CPU.Build.0 = Debug|Any CPU
		{92736DC0-E7B9-48C7-AFF1-4894C3965CFE}.Release|Any CPU.ActiveCfg = Release|Any CPU
		{92736DC0-E7B9-48C7-AFF1-4894C3965CFE}.Release|Any CPU.Build.0 = Release|Any CPU
		{56C871FE-8F1F-4074-B8D7-0C04864CBBAA}.Debug|Any CPU.ActiveCfg = Debug|Any CPU
		{56C871FE-8F1F-4074-B8D7-0C04864CBBAA}.Debug|Any CPU.Build.0 = Debug|Any CPU
		{56C871FE-8F1F-4074-B8D7-0C04864CBBAA}.Release|Any CPU.ActiveCfg = Release|Any CPU
		{56C871FE-8F1F-4074-B8D7-0C04864CBBAA}.Release|Any CPU.Build.0 = Release|Any CPU
		{BCD4D7D9-B815-4CC6-9F3C-F7B202362EB2}.Debug|Any CPU.ActiveCfg = Debug|Any CPU
		{BCD4D7D9-B815-4CC6-9F3C-F7B202362EB2}.Debug|Any CPU.Build.0 = Debug|Any CPU
		{BCD4D7D9-B815-4CC6-9F3C-F7B202362EB2}.Release|Any CPU.ActiveCfg = Release|Any CPU
		{BCD4D7D9-B815-4CC6-9F3C-F7B202362EB2}.Release|Any CPU.Build.0 = Release|Any CPU
	EndGlobalSection
	GlobalSection(SolutionProperties) = preSolution
		HideSolutionNode = FALSE
	EndGlobalSection
	GlobalSection(ExtensibilityGlobals) = postSolution
		SolutionGuid = {8554C0DB-253E-4A4C-B6B7-5B84ADC6629A}
	EndGlobalSection
EndGlobal
